{
    "name": "example-npm",
    "version": "1.0.0",
    "lockfileVersion": 3,
    "requires": true,
    "packages": {
        "": {
            "name": "example-npm",
            "version": "1.0.0",
            "license": "ISC",
            "dependencies": {
                "avatar-jptx": "http://localhost:3000/api/m/Avatar-Jptx.js@zytD4VDFUKBkIHh56Z3q.tgz?xxsdfdszzzsdfasfdasdfsdf"
            }
        },
        "node_modules/@emotion/is-prop-valid": {
            "version": "0.8.8",
            "resolved": "https://registry.npmjs.org/@emotion/is-prop-valid/-/is-prop-valid-0.8.8.tgz",
            "integrity": "sha512-u5WtneEAr5IDG2Wv65yhunPSMLIpuKsbuOktRojfrEiEvRyC85LgPMZI63cr7NUqT8ZIGdSVg8ZKGxIug4lXcA==",
            "optional": true,
            "dependencies": {
                "@emotion/memoize": "0.7.4"
            }
        },
        "node_modules/@emotion/memoize": {
            "version": "0.7.4",
            "resolved": "https://registry.npmjs.org/@emotion/memoize/-/memoize-0.7.4.tgz",
            "integrity": "sha512-Ja/Vfqe3HpuzRsG1oBtWTHk2PGZ7GR+2Vz5iYGelAw8dx32K0y7PjVuxK6z1nMpZOqAFsRUPCkK1YjJ56qJlgw==",
            "optional": true
        },
        "node_modules/@juggle/resize-observer": {
            "version": "3.4.0",
            "resolved": "https://registry.npmjs.org/@juggle/resize-observer/-/resize-observer-3.4.0.tgz",
            "integrity": "sha512-dfLbk+PwWvFzSxwk3n5ySL0hfBog779o8h68wK/7/APo/7cgyWp5jcXockbxdk5kFRkbeXWm4Fbi9FrdN381sA=="
        },
        "node_modules/avatar-jptx": {
            "version": "0.0.0",
            "resolved": "http://localhost:3000/api/m/Avatar-Jptx.js@zytD4VDFUKBkIHh56Z3q.tgz?xxsdfdszzzsdfasfdasdfsdf",
            "integrity": "sha512-wnXJx9XjYSwF0FvmOjKNzW0riQ0TfUJiII9kgLaoGhQ08rs+iUM9p1tPN6wpKG5T1/x/xT5kH76aQdAmuK9R7w==",
            "dependencies": {
                "framer": "github:remorses/framer-fixed#3b18ef8",
                "framer-motion": "^10.12.17"
            },
            "peerDependencies": {
                "react": "*",
                "react-dom": "*"
            }
        },
        "node_modules/csstype": {
            "version": "3.1.2",
            "resolved": "https://registry.npmjs.org/csstype/-/csstype-3.1.2.tgz",
            "integrity": "sha512-I7K1Uu0MBPzaFKg4nI5Q7Vs2t+3gWWW648spaF+Rg7pI9ds18Ugn+lvg4SHczUdKlHI5LWBXyqfS8+DufyBsgQ=="
        },
        "node_modules/eventemitter3": {
            "version": "3.1.2",
            "resolved": "https://registry.npmjs.org/eventemitter3/-/eventemitter3-3.1.2.tgz",
            "integrity": "sha512-tvtQIeLVHjDkJYnzf2dgVMxfuSGJeM/7UCG17TT4EumTfNtF+0nebF/4zWOIkCreAbtNqhGEboB6BWrwqNaw4Q=="
        },
        "node_modules/fontfaceobserver": {
            "version": "2.3.0",
            "resolved": "https://registry.npmjs.org/fontfaceobserver/-/fontfaceobserver-2.3.0.tgz",
            "integrity": "sha512-6FPvD/IVyT4ZlNe7Wcn5Fb/4ChigpucKYSvD6a+0iMoLn2inpo711eyIcKjmDtE5XNcgAkSH9uN/nfAeZzHEfg=="
        },
        "node_modules/framer": {
            "version": "2.3.0",
            "resolved": "git+ssh://git@github.com/remorses/framer-fixed.git#3b18ef83d5c16b80299e9e6ffb01b496c235f48a",
            "license": "MIT",
            "dependencies": {
                "@juggle/resize-observer": "^3.3.1",
                "csstype": "^3.1.2",
                "eventemitter3": "^3.1.0",
                "fontfaceobserver": "^2.1.0",
                "hey-listen": "^1.0.8",
                "hoist-non-react-statics": "^3.3.2",
                "hsluv": "^0.0.3",
                "popmotion": "^11.0.5",
                "style-value-types": "^5.1.2"
            },
            "peerDependencies": {
                "framer-motion": "*",
                "react": "^18.2.0",
                "react-dom": "^18.2.0"
            }
        },
        "node_modules/framer-motion": {
            "version": "10.12.18",
            "resolved": "https://registry.npmjs.org/framer-motion/-/framer-motion-10.12.18.tgz",
            "integrity": "sha512-cfhiUpPbj+0eEWKjuD+5cz5cMqH71xOtMxGiS/cSGfHn2OlHIEAqFnFyzEMENw5PxWR9bMVhatzzpD6lexmHZQ==",
            "dependencies": {
                "tslib": "^2.4.0"
            },
            "optionalDependencies": {
                "@emotion/is-prop-valid": "^0.8.2"
            },
            "peerDependencies": {
                "react": "^18.0.0",
                "react-dom": "^18.0.0"
            },
            "peerDependenciesMeta": {
                "react": {
                    "optional": true
                },
                "react-dom": {
                    "optional": true
                }
            }
        },
        "node_modules/framesync": {
            "version": "6.1.2",
            "resolved": "https://registry.npmjs.org/framesync/-/framesync-6.1.2.tgz",
            "integrity": "sha512-jBTqhX6KaQVDyus8muwZbBeGGP0XgujBRbQ7gM7BRdS3CadCZIHiawyzYLnafYcvZIh5j8WE7cxZKFn7dXhu9g==",
            "dependencies": {
                "tslib": "2.4.0"
            }
        },
        "node_modules/framesync/node_modules/tslib": {
            "version": "2.4.0",
            "resolved": "https://registry.npmjs.org/tslib/-/tslib-2.4.0.tgz",
            "integrity": "sha512-d6xOpEDfsi2CZVlPQzGeux8XMwLT9hssAsaPYExaQMuYskwb+x1x7J371tWlbBdWHroy99KnVB6qIkUbs5X3UQ=="
        },
        "node_modules/hey-listen": {
            "version": "1.0.8",
            "resolved": "https://registry.npmjs.org/hey-listen/-/hey-listen-1.0.8.tgz",
            "integrity": "sha512-COpmrF2NOg4TBWUJ5UVyaCU2A88wEMkUPK4hNqyCkqHbxT92BbvfjoSozkAIIm6XhicGlJHhFdullInrdhwU8Q=="
        },
        "node_modules/hoist-non-react-statics": {
            "version": "3.3.2",
            "resolved": "https://registry.npmjs.org/hoist-non-react-statics/-/hoist-non-react-statics-3.3.2.tgz",
            "integrity": "sha512-/gGivxi8JPKWNm/W0jSmzcMPpfpPLc3dY/6GxhX2hQ9iGj3aDfklV4ET7NjKpSinLpJ5vafa9iiGIEZg10SfBw==",
            "dependencies": {
                "react-is": "^16.7.0"
            }
        },
        "node_modules/hsluv": {
            "version": "0.0.3",
            "resolved": "https://registry.npmjs.org/hsluv/-/hsluv-0.0.3.tgz",
            "integrity": "sha512-08iL2VyCRbkQKBySkSh6m8zMUa3sADAxGVWs3Z1aPcUkTJeK0ETG4Fc27tEmQBGUAXZjIsXOZqBvacuVNSC/fQ=="
        },
        "node_modules/js-tokens": {
            "version": "4.0.0",
            "resolved": "https://registry.npmjs.org/js-tokens/-/js-tokens-4.0.0.tgz",
            "integrity": "sha512-RdJUflcE3cUzKiMqQgsCu06FPu9UdIJO0beYbPhHN4k6apgJtifcoCtT9bcxOpYBtpD2kCM6Sbzg4CausW/PKQ==",
            "peer": true
        },
        "node_modules/loose-envify": {
            "version": "1.4.0",
            "resolved": "https://registry.npmjs.org/loose-envify/-/loose-envify-1.4.0.tgz",
            "integrity": "sha512-lyuxPGr/Wfhrlem2CL/UcnUc1zcqKAImBDzukY7Y5F/yQiNdko6+fRLevlw1HgMySw7f611UIY408EtxRSoK3Q==",
            "peer": true,
            "dependencies": {
                "js-tokens": "^3.0.0 || ^4.0.0"
            },
            "bin": {
                "loose-envify": "cli.js"
            }
        },
        "node_modules/popmotion": {
            "version": "11.0.5",
            "resolved": "https://registry.npmjs.org/popmotion/-/popmotion-11.0.5.tgz",
            "integrity": "sha512-la8gPM1WYeFznb/JqF4GiTkRRPZsfaj2+kCxqQgr2MJylMmIKUwBfWW8Wa5fml/8gmtlD5yI01MP1QCZPWmppA==",
            "dependencies": {
                "framesync": "6.1.2",
                "hey-listen": "^1.0.8",
                "style-value-types": "5.1.2",
                "tslib": "2.4.0"
            }
        },
        "node_modules/popmotion/node_modules/tslib": {
            "version": "2.4.0",
            "resolved": "https://registry.npmjs.org/tslib/-/tslib-2.4.0.tgz",
            "integrity": "sha512-d6xOpEDfsi2CZVlPQzGeux8XMwLT9hssAsaPYExaQMuYskwb+x1x7J371tWlbBdWHroy99KnVB6qIkUbs5X3UQ=="
        },
        "node_modules/react": {
            "version": "18.2.0",
            "resolved": "https://registry.npmjs.org/react/-/react-18.2.0.tgz",
            "integrity": "sha512-/3IjMdb2L9QbBdWiW5e3P2/npwMBaU9mHCSCUzNln0ZCYbcfTsGbTJrU/kGemdH2IWmB2ioZ+zkxtmq6g09fGQ==",
            "peer": true,
            "dependencies": {
                "loose-envify": "^1.1.0"
            },
            "engines": {
                "node": ">=0.10.0"
            }
        },
        "node_modules/react-dom": {
            "version": "18.2.0",
            "resolved": "https://registry.npmjs.org/react-dom/-/react-dom-18.2.0.tgz",
            "integrity": "sha512-6IMTriUmvsjHUjNtEDudZfuDQUoWXVxKHhlEGSk81n4YFS+r/Kl99wXiwlVXtPBtJenozv2P+hxDsw9eA7Xo6g==",
            "peer": true,
            "dependencies": {
                "loose-envify": "^1.1.0",
                "scheduler": "^0.23.0"
            },
            "peerDependencies": {
                "react": "^18.2.0"
            }
        },
        "node_modules/react-is": {
            "version": "16.13.1",
            "resolved": "https://registry.npmjs.org/react-is/-/react-is-16.13.1.tgz",
            "integrity": "sha512-24e6ynE2H+OKt4kqsOvNd8kBpV65zoxbA4BVsEOB3ARVWQki/DHzaUoC5KuON/BiccDaCCTZBuOcfZs70kR8bQ=="
        },
        "node_modules/scheduler": {
            "version": "0.23.0",
            "resolved": "https://registry.npmjs.org/scheduler/-/scheduler-0.23.0.tgz",
            "integrity": "sha512-CtuThmgHNg7zIZWAXi3AsyIzA3n4xx7aNyjwC2VJldO2LMVDhFK+63xGqq6CsJH4rTAt6/M+N4GhZiDYPx9eUw==",
            "peer": true,
            "dependencies": {
                "loose-envify": "^1.1.0"
            }
        },
        "node_modules/style-value-types": {
            "version": "5.1.2",
            "resolved": "https://registry.npmjs.org/style-value-types/-/style-value-types-5.1.2.tgz",
            "integrity": "sha512-Vs9fNreYF9j6W2VvuDTP7kepALi7sk0xtk2Tu8Yxi9UoajJdEVpNpCov0HsLTqXvNGKX+Uv09pkozVITi1jf3Q==",
            "dependencies": {
                "hey-listen": "^1.0.8",
                "tslib": "2.4.0"
            }
        },
        "node_modules/style-value-types/node_modules/tslib": {
            "version": "2.4.0",
            "resolved": "https://registry.npmjs.org/tslib/-/tslib-2.4.0.tgz",
            "integrity": "sha512-d6xOpEDfsi2CZVlPQzGeux8XMwLT9hssAsaPYExaQMuYskwb+x1x7J371tWlbBdWHroy99KnVB6qIkUbs5X3UQ=="
        },
        "node_modules/tslib": {
            "version": "2.6.0",
            "resolved": "https://registry.npmjs.org/tslib/-/tslib-2.6.0.tgz",
            "integrity": "sha512-7At1WUettjcSRHXCyYtTselblcHl9PJFFVKiCAy/bY97+BPZXSQ2wbq0P9s8tK2G7dFQfNnlJnPAiArVBVBsfA=="
        }
    }
}
